{
  "requires": true,
  "lockfileVersion": 1,
  "dependencies": {
    "clone": {
      "version": "2.1.2",
      "resolved": "https://registry.npmjs.org/clone/-/clone-2.1.2.tgz",
      "integrity": "sha1-G39Ln1kfHo+DZwQBYANFoCiHQ18="
    },
    "lodash.includes": {
      "version": "4.3.0",
      "resolved": "https://registry.npmjs.org/lodash.includes/-/lodash.includes-4.3.0.tgz",
      "integrity": "sha1-YLuYqHy5I8aMoeUTJUgzFISfVT8="
    },
    "lodash.isequal": {
      "version": "4.5.0",
      "resolved": "https://registry.npmjs.org/lodash.isequal/-/lodash.isequal-4.5.0.tgz",
      "integrity": "sha1-QVxEePK8wwEgwizhDtMib30+GOA="
    },
    "node-cache": {
      "version": "5.1.0",
      "resolved": "https://registry.npmjs.org/node-cache/-/node-cache-5.1.0.tgz",
      "integrity": "sha512-gFQwYdoOztBuPlwg6DKQEf50G+gkK69aqLnw4djkmlHCzeVrLJfwvg9xl4RCAGviTIMUVoqcyoZ/V/wPEu/VVg==",
      "requires": {
        "clone": "2.x"
      }
    },
    "simple-hashtable": {
      "version": "1.0.0",
      "resolved": "https://registry.npmjs.org/simple-hashtable/-/simple-hashtable-1.0.0.tgz",
      "integrity": "sha512-4CGX0yaBZvpP6NbXlwQDMoA7TQz4yBHyuFHf5Jd5R6gQolljKuVXPH6XFKF6zwys3zNzeH9nMdurhtGcZHGTEg==",
      "requires": {
        "lodash.includes": "^4.3.0",
        "lodash.isequal": "^4.5.0",
        "singly-linked-list": "^1.4.0"
      }
    },
    "singly-linked-list": {
      "version": "1.4.0",
      "resolved": "https://registry.npmjs.org/singly-linked-list/-/singly-linked-list-1.4.0.tgz",
      "integrity": "sha512-Ucsx71El+25OIZrERGrmgEpQIAi581OPklI71TS4qhm7HpY81Ju0wC7BBMyMm6o0j628guX9GPdvTD36q8D80Q==",
      "requires": {
        "lodash.isequal": "^4.5.0"
      }
    },
    "valid-url": {
      "version": "1.0.9",
      "resolved": "https://registry.npmjs.org/valid-url/-/valid-url-1.0.9.tgz",
      "integrity": "sha1-HBRHm0DxOXp1eC8RXkCGRHQzogA="
    },
    "ws": {
      "version": "7.2.1",
      "resolved": "https://registry.npmjs.org/ws/-/ws-7.2.1.tgz",
      "integrity": "sha512-sucePNSafamSKoOqoNfBd8V0StlkzJKL2ZAhGQinCfNQ+oacw+Pk7lcdAElecBF2VkLNZRiIb5Oi1Q5lVUVt2A=="
    }
  }
}
